Microsoft Visual Studio Solution File, Format Version 12.00
# Visual Studio Version 17
VisualStudioVersion = 17.0.31903.59
MinimumVisualStudioVersion = 10.0.40219.1
Project("{F184B08F-C81C-45F6-A57F-5ABD9991F28F}") = "StudentManagementSystem", "StudentManagementSystem\StudentManagementSystem.vbproj", "{B7D7683E-0C5D-47E5-9BC7-7A0B09E2063C}"
EndProject
Global
	GlobalSection(SolutionConfigurationPlatforms) = preSolution
		Debug|Any CPU = Debug|Any CPU
		Release|Any CPU = Release|Any CPU
	EndGlobalSection
	GlobalSection(ProjectConfigurationPlatforms) = postSolution
		{B7D7683E-0C5D-47E5-9BC7-7A0B09E2063C}.Debug|Any CPU.ActiveCfg = Debug|Any CPU
		{B7D7683E-0C5D-47E5-9BC7-7A0B09E2063C}.Debug|Any CPU.Build.0 = Debug|Any CPU
		{B7D7683E-0C5D-47E5-9BC7-7A0B09E2063C}.Release|Any CPU.ActiveCfg = Release|Any CPU
		{B7D7683E-0C5D-47E5-9BC7-7A0B09E2063C}.Release|Any CPU.Build.0 = Release|Any CPU
	EndGlobalSection
	GlobalSection(SolutionProperties) = preSolution
		HideSolutionNode = FALSE
	EndGlobalSection
	GlobalSection(ExtensibilityGlobals) = postSolution
		SolutionGuid = {34751C1A-CA97-47C4-AABF-44582B5752B2}
	EndGlobalSection
EndGlobal
